
Microsoft Visual Studio Solution File, Format Version 12.00
# Visual Studio Version 17
VisualStudioVersion = 17.1.32421.90
MinimumVisualStudioVersion = 10.0.40219.1
Project("{9A19103F-16F7-4668-BE54-9A1E7A4F7556}") = "ExamsDbDataSeeder", "ExamsDbDataSeeder\ExamsDbDataSeeder.csproj", "{BE304A02-9EDF-49B6-B419-6C6A271C5C9A}"
EndProject
Global
	GlobalSection(SolutionConfigurationPlatforms) = preSolution
		Debug|Any CPU = Debug|Any CPU
		Release|Any CPU = Release|Any CPU
	EndGlobalSection
	GlobalSection(ProjectConfigurationPlatforms) = postSolution
		{BE304A02-9EDF-49B6-B419-6C6A271C5C9A}.Debug|Any CPU.ActiveCfg = Debug|Any CPU
		{BE304A02-9EDF-49B6-B419-6C6A271C5C9A}.Debug|Any CPU.Build.0 = Debug|Any CPU
		{BE304A02-9EDF-49B6-B419-6C6A271C5C9A}.Release|Any CPU.ActiveCfg = Release|Any CPU
		{BE304A02-9EDF-49B6-B419-6C6A271C5C9A}.Release|Any CPU.Build.0 = Release|Any CPU
	EndGlobalSection
	GlobalSection(SolutionProperties) = preSolution
		HideSolutionNode = FALSE
	EndGlobalSection
	GlobalSection(ExtensibilityGlobals) = postSolution
		SolutionGuid = {B198A0EE-B427-431E-B168-F780A1CAEF00}
	EndGlobalSection
EndGlobal
