
Microsoft Visual Studio Solution File, Format Version 12.00
# Visual Studio Version 17
VisualStudioVersion = 17.1.32421.90
MinimumVisualStudioVersion = 10.0.40219.1
Project("{9A19103F-16F7-4668-BE54-9A1E7A4F7556}") = "ExamsDbDataEtl", "ExamsDbDataEtl\ExamsDbDataEtl.csproj", "{74A30F62-08C1-423A-9180-2F5A8F9D13A5}"
EndProject
Global
	GlobalSection(SolutionConfigurationPlatforms) = preSolution
		Debug|Any CPU = Debug|Any CPU
		Release|Any CPU = Release|Any CPU
	EndGlobalSection
	GlobalSection(ProjectConfigurationPlatforms) = postSolution
		{74A30F62-08C1-423A-9180-2F5A8F9D13A5}.Debug|Any CPU.ActiveCfg = Debug|Any CPU
		{74A30F62-08C1-423A-9180-2F5A8F9D13A5}.Debug|Any CPU.Build.0 = Debug|Any CPU
		{74A30F62-08C1-423A-9180-2F5A8F9D13A5}.Release|Any CPU.ActiveCfg = Release|Any CPU
		{74A30F62-08C1-423A-9180-2F5A8F9D13A5}.Release|Any CPU.Build.0 = Release|Any CPU
	EndGlobalSection
	GlobalSection(SolutionProperties) = preSolution
		HideSolutionNode = FALSE
	EndGlobalSection
	GlobalSection(ExtensibilityGlobals) = postSolution
		SolutionGuid = {B198A0EE-B427-431E-B168-F780A1CAEF00}
	EndGlobalSection
EndGlobal
